{
  "nodes": {
    "flake-utils": {
      "inputs": {
        "systems": "systems"
      },
      "locked": {
        "lastModified": 1731533236,
        "narHash": "sha256-l0KFg5HjrsfsO/JpG+r7fRrqm12kzFHyUHqHCVpMMbI=",
        "owner": "numtide",
        "repo": "flake-utils",
        "rev": "11707dc2f618dd54ca8739b309ec4fc024de578b",
        "type": "github"
      },
      "original": {
        "id": "flake-utils",
        "type": "indirect"
      }
    },
    "flake-utils_2": {
      "inputs": {
        "systems": "systems_2"
      },
      "locked": {
        "lastModified": 1731533236,
        "narHash": "sha256-l0KFg5HjrsfsO/JpG+r7fRrqm12kzFHyUHqHCVpMMbI=",
        "owner": "numtide",
        "repo": "flake-utils",
        "rev": "11707dc2f618dd54ca8739b309ec4fc024de578b",
        "type": "github"
      },
      "original": {
        "owner": "numtide",
        "repo": "flake-utils",
        "type": "github"
      }
    },
    "gomod2nix": {
      "inputs": {
        "flake-utils": [
          "kubesel",
          "flake-utils"
        ],
        "nixpkgs": [
          "kubesel",
          "nixpkgs"
        ]
      },
      "locked": {
        "lastModified": 1745875161,
        "narHash": "sha256-0YkWCS13jpoo3+sX/3kcgdxBNt1VZTmvF+FhZb4rFKI=",
        "owner": "nix-community",
        "repo": "gomod2nix",
        "rev": "2cbd7fdd6eeab65c494cc426e18f4e4d2a5e35c0",
        "type": "github"
      },
      "original": {
        "owner": "nix-community",
        "repo": "gomod2nix",
        "type": "github"
      }
    },
    "home-manager": {
      "inputs": {
        "nixpkgs": [
          "nixpkgs"
        ]
      },
      "locked": {
        "lastModified": 1753198507,
        "narHash": "sha256-NCG6izg+B3zsCwcT6+ssiWT3Y202jhOqGL/zh6fofa4=",
        "owner": "nix-community",
        "repo": "home-manager",
        "rev": "fce051eaf881220843401df545a1444ab676520c",
        "type": "github"
      },
      "original": {
        "owner": "nix-community",
        "ref": "release-25.05",
        "repo": "home-manager",
        "type": "github"
      }
    },
    "kubesel": {
      "inputs": {
        "flake-utils": "flake-utils_2",
        "gomod2nix": "gomod2nix",
        "nixpkgs": [
          "nixpkgs"
        ]
      },
      "locked": {
        "lastModified": 1747793112,
        "narHash": "sha256-yS+3FD/eomlbQLe5Xn2As4YUflCqwFcCqlDh/d/4Zcg=",
        "owner": "eth-p",
        "repo": "kubesel",
        "rev": "941b93bd5b6926ae4c533e7f4cc33c90e5b1b5b9",
        "type": "github"
      },
      "original": {
        "owner": "eth-p",
        "repo": "kubesel",
        "type": "github"
      }
    },
    "nixpkgs": {
      "locked": {
        "lastModified": 1753115646,
        "narHash": "sha256-yLuz5cz5Z+sn8DRAfNkrd2Z1cV6DaYO9JMrEz4KZo/c=",
        "owner": "NixOS",
        "repo": "nixpkgs",
        "rev": "92c2e04a475523e723c67ef872d8037379073681",
        "type": "github"
      },
      "original": {
        "id": "nixpkgs",
        "ref": "nixos-25.05",
        "type": "indirect"
      }
    },
    "nixpkgs-unstable": {
      "locked": {
        "lastModified": 1752950548,
        "narHash": "sha256-NS6BLD0lxOrnCiEOcvQCDVPXafX1/ek1dfJHX1nUIzc=",
        "owner": "NixOS",
        "repo": "nixpkgs",
        "rev": "c87b95e25065c028d31a94f06a62927d18763fdf",
        "type": "github"
      },
      "original": {
        "id": "nixpkgs",
        "ref": "nixos-unstable",
        "type": "indirect"
      }
    },
    "root": {
      "inputs": {
        "flake-utils": "flake-utils",
        "home-manager": "home-manager",
        "kubesel": "kubesel",
        "nixpkgs": "nixpkgs",
        "nixpkgs-unstable": "nixpkgs-unstable"
      }
    },
    "systems": {
      "locked": {
        "lastModified": 1681028828,
        "narHash": "sha256-Vy1rq5AaRuLzOxct8nz4T6wlgyUR7zLU309k9mBC768=",
        "owner": "nix-systems",
        "repo": "default",
        "rev": "da67096a3b9bf56a91d16901293e51ba5b49a27e",
        "type": "github"
      },
      "original": {
        "owner": "nix-systems",
        "repo": "default",
        "type": "github"
      }
    },
    "systems_2": {
      "locked": {
        "lastModified": 1681028828,
        "narHash": "sha256-Vy1rq5AaRuLzOxct8nz4T6wlgyUR7zLU309k9mBC768=",
        "owner": "nix-systems",
        "repo": "default",
        "rev": "da67096a3b9bf56a91d16901293e51ba5b49a27e",
        "type": "github"
      },
      "original": {
        "owner": "nix-systems",
        "repo": "default",
        "type": "github"
      }
    }
  },
  "root": "root",
  "version": 7
}
